
Microsoft Visual Studio Solution File, Format Version 12.00
# Visual Studio 15
VisualStudioVersion = 15.0.26730.16
MinimumVisualStudioVersion = 10.0.40219.1
Project("{FAE04EC0-301F-11D3-BF4B-00C04F79EFBC}") = "QuanLyBanHang", "QuanLyBanHang\QuanLyBanHang.csproj", "{663F806A-FB1B-45AD-A8E1-78D3F9D16CD7}"
EndProject
Global
	GlobalSection(SolutionConfigurationPlatforms) = preSolution
		Debug|Any CPU = Debug|Any CPU
		Release|Any CPU = Release|Any CPU
	EndGlobalSection
	GlobalSection(ProjectConfigurationPlatforms) = postSolution
		{663F806A-FB1B-45AD-A8E1-78D3F9D16CD7}.Debug|Any CPU.ActiveCfg = Debug|Any CPU
		{663F806A-FB1B-45AD-A8E1-78D3F9D16CD7}.Debug|Any CPU.Build.0 = Debug|Any CPU
		{663F806A-FB1B-45AD-A8E1-78D3F9D16CD7}.Release|Any CPU.ActiveCfg = Release|Any CPU
		{663F806A-FB1B-45AD-A8E1-78D3F9D16CD7}.Release|Any CPU.Build.0 = Release|Any CPU
	EndGlobalSection
	GlobalSection(SolutionProperties) = preSolution
		HideSolutionNode = FALSE
	EndGlobalSection
	GlobalSection(ExtensibilityGlobals) = postSolution
		SolutionGuid = {FE18EF5B-E59A-4E33-8D26-86906F9C075F}
	EndGlobalSection
	GlobalSection(TeamFoundationVersionControl) = preSolution
		SccNumberOfProjects = 2
		SccEnterpriseProvider = {4CA58AB2-18FA-4F8D-95D4-32DDF27D184C}
		SccTeamFoundationServer = https://ngotrung.visualstudio.com/
		SccLocalPath0 = .
		SccProjectUniqueName1 = QuanLyBanHang\\QuanLyBanHang.csproj
		SccProjectName1 = QuanLyBanHang
		SccLocalPath1 = QuanLyBanHang
	EndGlobalSection
EndGlobal
